
Microsoft Visual Studio Solution File, Format Version 12.00
# Visual Studio 15
VisualStudioVersion = 15.0.27703.2042
MinimumVisualStudioVersion = 10.0.40219.1
Project("{8BC9CEB8-8B4A-11D0-8D11-00A0C91BC942}") = "2d_client", "2d_client\2d_client.vcxproj", "{FECC3A87-AB61-43B3-AA3B-2607147C3CA3}"
EndProject
Global
	GlobalSection(SolutionConfigurationPlatforms) = preSolution
		Debug|x64 = Debug|x64
		Debug|x86 = Debug|x86
		Release|x64 = Release|x64
		Release|x86 = Release|x86
	EndGlobalSection
	GlobalSection(ProjectConfigurationPlatforms) = postSolution
		{FECC3A87-AB61-43B3-AA3B-2607147C3CA3}.Debug|x64.ActiveCfg = Debug|x64
		{FECC3A87-AB61-43B3-AA3B-2607147C3CA3}.Debug|x64.Build.0 = Debug|x64
		{FECC3A87-AB61-43B3-AA3B-2607147C3CA3}.Debug|x86.ActiveCfg = Debug|Win32
		{FECC3A87-AB61-43B3-AA3B-2607147C3CA3}.Debug|x86.Build.0 = Debug|Win32
		{FECC3A87-AB61-43B3-AA3B-2607147C3CA3}.Release|x64.ActiveCfg = Release|x64
		{FECC3A87-AB61-43B3-AA3B-2607147C3CA3}.Release|x64.Build.0 = Release|x64
		{FECC3A87-AB61-43B3-AA3B-2607147C3CA3}.Release|x86.ActiveCfg = Release|Win32
		{FECC3A87-AB61-43B3-AA3B-2607147C3CA3}.Release|x86.Build.0 = Release|Win32
	EndGlobalSection
	GlobalSection(SolutionProperties) = preSolution
		HideSolutionNode = FALSE
	EndGlobalSection
	GlobalSection(ExtensibilityGlobals) = postSolution
		SolutionGuid = {343B731C-D67A-4CCA-BD32-8085EB76F75C}
	EndGlobalSection
EndGlobal
